
Microsoft Visual Studio Solution File, Format Version 12.00
# Visual Studio 14
VisualStudioVersion = 14.0.25123.0
MinimumVisualStudioVersion = 10.0.40219.1
Project("{F2A71F9B-5D33-465A-A702-920D77279786}") = "Mahabharata", "Mahabharata\Mahabharata.fsproj", "{0C621408-2714-4F43-8287-BB0B8EB9A843}"
EndProject
Project("{2150E333-8FDC-42A3-9474-1A3956D46DE8}") = "Solution Items", "Solution Items", "{A9D86F56-A555-4DD4-A950-B6A53B0AC509}"
	ProjectSection(SolutionItems) = preProject
		.gitignore = .gitignore
		build.cmd = build.cmd
<<<<<<< HEAD
		build.fsx = build.fsx
		build.sh = build.sh
		paket.dependencies = paket.dependencies
		paket.lock = paket.lock
=======
		build.sh = build.sh
		paket.dependencies = paket.dependencies
>>>>>>> da1748167a5895a2fecac3d2bce11e7a18ba518b
	EndProjectSection
EndProject
Global
	GlobalSection(SolutionConfigurationPlatforms) = preSolution
		Debug|Any CPU = Debug|Any CPU
		Release|Any CPU = Release|Any CPU
	EndGlobalSection
	GlobalSection(ProjectConfigurationPlatforms) = postSolution
		{0C621408-2714-4F43-8287-BB0B8EB9A843}.Debug|Any CPU.ActiveCfg = Debug|Any CPU
		{0C621408-2714-4F43-8287-BB0B8EB9A843}.Debug|Any CPU.Build.0 = Debug|Any CPU
		{0C621408-2714-4F43-8287-BB0B8EB9A843}.Release|Any CPU.ActiveCfg = Release|Any CPU
		{0C621408-2714-4F43-8287-BB0B8EB9A843}.Release|Any CPU.Build.0 = Release|Any CPU
	EndGlobalSection
	GlobalSection(SolutionProperties) = preSolution
		HideSolutionNode = FALSE
	EndGlobalSection
EndGlobal
